
Microsoft Visual Studio Solution File, Format Version 12.00
# Visual Studio Version 17
VisualStudioVersion = 17.1.32228.430
MinimumVisualStudioVersion = 10.0.40219.1
Project("{FAE04EC0-301F-11D3-BF4B-00C04F79EFBC}") = "Crawler", "Crawler.csproj", "{A11A8C25-79BE-401E-8EF3-283C53427BFC}"
EndProject
Global
	GlobalSection(SolutionConfigurationPlatforms) = preSolution
		Debug|Any CPU = Debug|Any CPU
		Release|Any CPU = Release|Any CPU
	EndGlobalSection
	GlobalSection(ProjectConfigurationPlatforms) = postSolution
		{A11A8C25-79BE-401E-8EF3-283C53427BFC}.Debug|Any CPU.ActiveCfg = Debug|Any CPU
		{A11A8C25-79BE-401E-8EF3-283C53427BFC}.Debug|Any CPU.Build.0 = Debug|Any CPU
		{A11A8C25-79BE-401E-8EF3-283C53427BFC}.Release|Any CPU.ActiveCfg = Release|Any CPU
		{A11A8C25-79BE-401E-8EF3-283C53427BFC}.Release|Any CPU.Build.0 = Release|Any CPU
	EndGlobalSection
	GlobalSection(SolutionProperties) = preSolution
		HideSolutionNode = FALSE
	EndGlobalSection
	GlobalSection(ExtensibilityGlobals) = postSolution
		SolutionGuid = {D79C6F16-310E-42C8-8D45-0BCDAE66115F}
	EndGlobalSection
EndGlobal
